PODS:
  - Crashlytics (3.8.3):
    - Fabric (~> 1.6.3)
  - Fabric (1.6.11)
  - Material (2.3.16):
    - Material/Core (= 2.3.16)
  - Material/Core (2.3.16)
  - Realm (2.1.0):
    - Realm/Headers (= 2.1.0)
  - Realm/Headers (2.1.0)
  - RealmSwift (2.1.0):
    - Realm (= 2.1.0)
  - SwiftCharts (0.4)
  - SwiftDate (4.0.7)

DEPENDENCIES:
  - Crashlytics
  - Material (~> 2.0)
  - RealmSwift
  - SwiftCharts (from `https://github.com/i-schuetz/SwiftCharts.git`)
  - SwiftDate

EXTERNAL SOURCES:
  SwiftCharts:
    :git: https://github.com/i-schuetz/SwiftCharts.git

CHECKOUT OPTIONS:
  SwiftCharts:
    :commit: 1705b493b9239cbeb74c484eb9fa9694e42e5b7d
    :git: https://github.com/i-schuetz/SwiftCharts.git

SPEC CHECKSUMS:
  Crashlytics: 2b6dbe138a42395577cfa73dfa1aa7248cadf39e
  Fabric: 5911403591946b8228ab1c51d98f1d7137e863c6
  Material: db663ff81d7c72a8f7454fc297d147dcba8bb869
  Realm: bc829ad0ef3d4eea70c34cfcc3b1704d18d50df1
  RealmSwift: a4d4abbf0088c337cab5b738054395842e4b3052
  SwiftCharts: 84b43d9d70b791459ff5f50ae5a6704326de309d
  SwiftDate: 0efb04a6751b1ab804049b2b09a69848cd304c12

PODFILE CHECKSUM: 4b027efd3bc84b54220ea11d07518931911cad66

COCOAPODS: 1.1.1
